
Microsoft Visual Studio Solution File, Format Version 12.00
# Visual Studio Version 17
VisualStudioVersion = 17.8.34330.188
MinimumVisualStudioVersion = 10.0.40219.1
Project("{FAE04EC0-301F-11D3-BF4B-00C04F79EFBC}") = "BoxCreator", "BoxCreator\BoxCreator.csproj", "{EF40467B-B32B-49E4-8342-E0590BE2760C}"
EndProject
Project("{FAE04EC0-301F-11D3-BF4B-00C04F79EFBC}") = "Geometry", "Geometry\Geometry.csproj", "{E132C62D-CB6F-4648-AA0D-1A9D27F22C08}"
EndProject
Global
	GlobalSection(SolutionConfigurationPlatforms) = preSolution
		Debug|Any CPU = Debug|Any CPU
		Release|Any CPU = Release|Any CPU
	EndGlobalSection
	GlobalSection(ProjectConfigurationPlatforms) = postSolution
		{EF40467B-B32B-49E4-8342-E0590BE2760C}.Debug|Any CPU.ActiveCfg = Debug|Any CPU
		{EF40467B-B32B-49E4-8342-E0590BE2760C}.Debug|Any CPU.Build.0 = Debug|Any CPU
		{EF40467B-B32B-49E4-8342-E0590BE2760C}.Release|Any CPU.ActiveCfg = Release|Any CPU
		{EF40467B-B32B-49E4-8342-E0590BE2760C}.Release|Any CPU.Build.0 = Release|Any CPU
		{E132C62D-CB6F-4648-AA0D-1A9D27F22C08}.Debug|Any CPU.ActiveCfg = Debug|Any CPU
		{E132C62D-CB6F-4648-AA0D-1A9D27F22C08}.Debug|Any CPU.Build.0 = Debug|Any CPU
		{E132C62D-CB6F-4648-AA0D-1A9D27F22C08}.Release|Any CPU.ActiveCfg = Release|Any CPU
		{E132C62D-CB6F-4648-AA0D-1A9D27F22C08}.Release|Any CPU.Build.0 = Release|Any CPU
	EndGlobalSection
	GlobalSection(SolutionProperties) = preSolution
		HideSolutionNode = FALSE
	EndGlobalSection
	GlobalSection(ExtensibilityGlobals) = postSolution
		SolutionGuid = {3D67EBBE-3289-4BD0-883B-9CFD26FEC467}
	EndGlobalSection
EndGlobal
